<Solution>
  <Project Path="DemoObjects/DemoObjects.csproj" />
  <Project Path="InteractiveEditor/InteractiveEditor.csproj" />
  <Project Path="NoHost/NoHost.csproj" Id="99a5cfd7-88f1-4cb1-a621-49e600cfce44" />
  <Project Path="WindowsHost/WindowsHost.csproj" />
  <Project Path="WpfHost/WpfHost.csproj" />
</Solution>
